
Microsoft Visual Studio Solution File, Format Version 12.00
# Visual Studio 15
VisualStudioVersion = 15.0.28307.757
MinimumVisualStudioVersion = 10.0.40219.1
Project("{FAE04EC0-301F-11D3-BF4B-00C04F79EFBC}") = "PPI.Android", "PPI\PPI.Android\PPI.Android.csproj", "{D3F88542-0A41-4ACF-86FB-CD7F77D7C835}"
EndProject
Project("{FAE04EC0-301F-11D3-BF4B-00C04F79EFBC}") = "PPI.iOS", "PPI\PPI.iOS\PPI.iOS.csproj", "{150BE917-7C6F-40C7-857C-FBC711B9B17C}"
EndProject
Project("{FAE04EC0-301F-11D3-BF4B-00C04F79EFBC}") = "PPI", "PPI\PPI\PPI.csproj", "{677B2BDA-5915-46F3-A6D7-985E2B95404E}"
EndProject
Global
	GlobalSection(SolutionConfigurationPlatforms) = preSolution
		Ad-Hoc|Any CPU = Ad-Hoc|Any CPU
		Ad-Hoc|iPhone = Ad-Hoc|iPhone
		Ad-Hoc|iPhoneSimulator = Ad-Hoc|iPhoneSimulator
		AppStore|Any CPU = AppStore|Any CPU
		AppStore|iPhone = AppStore|iPhone
		AppStore|iPhoneSimulator = AppStore|iPhoneSimulator
		Debug|Any CPU = Debug|Any CPU
		Debug|iPhone = Debug|iPhone
		Debug|iPhoneSimulator = Debug|iPhoneSimulator
		Release|Any CPU = Release|Any CPU
		Release|iPhone = Release|iPhone
		Release|iPhoneSimulator = Release|iPhoneSimulator
	EndGlobalSection
	GlobalSection(ProjectConfigurationPlatforms) = postSolution
		{D3F88542-0A41-4ACF-86FB-CD7F77D7C835}.Ad-Hoc|Any CPU.ActiveCfg = Release|Any CPU
		{D3F88542-0A41-4ACF-86FB-CD7F77D7C835}.Ad-Hoc|Any CPU.Build.0 = Release|Any CPU
		{D3F88542-0A41-4ACF-86FB-CD7F77D7C835}.Ad-Hoc|Any CPU.Deploy.0 = Release|Any CPU
		{D3F88542-0A41-4ACF-86FB-CD7F77D7C835}.Ad-Hoc|iPhone.ActiveCfg = Release|Any CPU
		{D3F88542-0A41-4ACF-86FB-CD7F77D7C835}.Ad-Hoc|iPhone.Build.0 = Release|Any CPU
		{D3F88542-0A41-4ACF-86FB-CD7F77D7C835}.Ad-Hoc|iPhone.Deploy.0 = Release|Any CPU
		{D3F88542-0A41-4ACF-86FB-CD7F77D7C835}.Ad-Hoc|iPhoneSimulator.ActiveCfg = Release|Any CPU
		{D3F88542-0A41-4ACF-86FB-CD7F77D7C835}.Ad-Hoc|iPhoneSimulator.Build.0 = Release|Any CPU
		{D3F88542-0A41-4ACF-86FB-CD7F77D7C835}.Ad-Hoc|iPhoneSimulator.Deploy.0 = Release|Any CPU
		{D3F88542-0A41-4ACF-86FB-CD7F77D7C835}.AppStore|Any CPU.ActiveCfg = Release|Any CPU
		{D3F88542-0A41-4ACF-86FB-CD7F77D7C835}.AppStore|Any CPU.Build.0 = Release|Any CPU
		{D3F88542-0A41-4ACF-86FB-CD7F77D7C835}.AppStore|Any CPU.Deploy.0 = Release|Any CPU
		{D3F88542-0A41-4ACF-86FB-CD7F77D7C835}.AppStore|iPhone.ActiveCfg = Release|Any CPU
		{D3F88542-0A41-4ACF-86FB-CD7F77D7C835}.AppStore|iPhone.Build.0 = Release|Any CPU
		{D3F88542-0A41-4ACF-86FB-CD7F77D7C835}.AppStore|iPhone.Deploy.0 = Release|Any CPU
		{D3F88542-0A41-4ACF-86FB-CD7F77D7C835}.AppStore|iPhoneSimulator.ActiveCfg = Release|Any CPU
		{D3F88542-0A41-4ACF-86FB-CD7F77D7C835}.AppStore|iPhoneSimulator.Build.0 = Release|Any CPU
		{D3F88542-0A41-4ACF-86FB-CD7F77D7C835}.AppStore|iPhoneSimulator.Deploy.0 = Release|Any CPU
		{D3F88542-0A41-4ACF-86FB-CD7F77D7C835}.Debug|Any CPU.ActiveCfg = Debug|Any CPU
		{D3F88542-0A41-4ACF-86FB-CD7F77D7C835}.Debug|Any CPU.Build.0 = Debug|Any CPU
		{D3F88542-0A41-4ACF-86FB-CD7F77D7C835}.Debug|Any CPU.Deploy.0 = Debug|Any CPU
		{D3F88542-0A41-4ACF-86FB-CD7F77D7C835}.Debug|iPhone.ActiveCfg = Debug|Any CPU
		{D3F88542-0A41-4ACF-86FB-CD7F77D7C835}.Debug|iPhone.Build.0 = Debug|Any CPU
		{D3F88542-0A41-4ACF-86FB-CD7F77D7C835}.Debug|iPhone.Deploy.0 = Debug|Any CPU
		{D3F88542-0A41-4ACF-86FB-CD7F77D7C835}.Debug|iPhoneSimulator.ActiveCfg = Debug|Any CPU
		{D3F88542-0A41-4ACF-86FB-CD7F77D7C835}.Debug|iPhoneSimulator.Build.0 = Debug|Any CPU
		{D3F88542-0A41-4ACF-86FB-CD7F77D7C835}.Debug|iPhoneSimulator.Deploy.0 = Debug|Any CPU
		{D3F88542-0A41-4ACF-86FB-CD7F77D7C835}.Release|Any CPU.ActiveCfg = Release|Any CPU
		{D3F88542-0A41-4ACF-86FB-CD7F77D7C835}.Release|Any CPU.Build.0 = Release|Any CPU
		{D3F88542-0A41-4ACF-86FB-CD7F77D7C835}.Release|Any CPU.Deploy.0 = Release|Any CPU
		{D3F88542-0A41-4ACF-86FB-CD7F77D7C835}.Release|iPhone.ActiveCfg = Release|Any CPU
		{D3F88542-0A41-4ACF-86FB-CD7F77D7C835}.Release|iPhone.Build.0 = Release|Any CPU
		{D3F88542-0A41-4ACF-86FB-CD7F77D7C835}.Release|iPhone.Deploy.0 = Release|Any CPU
		{D3F88542-0A41-4ACF-86FB-CD7F77D7C835}.Release|iPhoneSimulator.ActiveCfg = Release|Any CPU
		{D3F88542-0A41-4ACF-86FB-CD7F77D7C835}.Release|iPhoneSimulator.Build.0 = Release|Any CPU
		{D3F88542-0A41-4ACF-86FB-CD7F77D7C835}.Release|iPhoneSimulator.Deploy.0 = Release|Any CPU
		{150BE917-7C6F-40C7-857C-FBC711B9B17C}.Ad-Hoc|Any CPU.ActiveCfg = Ad-Hoc|iPhone
		{150BE917-7C6F-40C7-857C-FBC711B9B17C}.Ad-Hoc|Any CPU.Build.0 = Ad-Hoc|iPhone
		{150BE917-7C6F-40C7-857C-FBC711B9B17C}.Ad-Hoc|Any CPU.Deploy.0 = Ad-Hoc|iPhone
		{150BE917-7C6F-40C7-857C-FBC711B9B17C}.Ad-Hoc|iPhone.ActiveCfg = Ad-Hoc|iPhone
		{150BE917-7C6F-40C7-857C-FBC711B9B17C}.Ad-Hoc|iPhone.Build.0 = Ad-Hoc|iPhone
		{150BE917-7C6F-40C7-857C-FBC711B9B17C}.Ad-Hoc|iPhone.Deploy.0 = Ad-Hoc|iPhone
		{150BE917-7C6F-40C7-857C-FBC711B9B17C}.Ad-Hoc|iPhoneSimulator.ActiveCfg = Ad-Hoc|iPhoneSimulator
		{150BE917-7C6F-40C7-857C-FBC711B9B17C}.Ad-Hoc|iPhoneSimulator.Build.0 = Ad-Hoc|iPhoneSimulator
		{150BE917-7C6F-40C7-857C-FBC711B9B17C}.Ad-Hoc|iPhoneSimulator.Deploy.0 = Ad-Hoc|iPhoneSimulator
		{150BE917-7C6F-40C7-857C-FBC711B9B17C}.AppStore|Any CPU.ActiveCfg = AppStore|iPhone
		{150BE917-7C6F-40C7-857C-FBC711B9B17C}.AppStore|Any CPU.Build.0 = AppStore|iPhone
		{150BE917-7C6F-40C7-857C-FBC711B9B17C}.AppStore|Any CPU.Deploy.0 = AppStore|iPhone
		{150BE917-7C6F-40C7-857C-FBC711B9B17C}.AppStore|iPhone.ActiveCfg = AppStore|iPhone
		{150BE917-7C6F-40C7-857C-FBC711B9B17C}.AppStore|iPhone.Build.0 = AppStore|iPhone
		{150BE917-7C6F-40C7-857C-FBC711B9B17C}.AppStore|iPhone.Deploy.0 = AppStore|iPhone
		{150BE917-7C6F-40C7-857C-FBC711B9B17C}.AppStore|iPhoneSimulator.ActiveCfg = AppStore|iPhoneSimulator
		{150BE917-7C6F-40C7-857C-FBC711B9B17C}.AppStore|iPhoneSimulator.Build.0 = AppStore|iPhoneSimulator
		{150BE917-7C6F-40C7-857C-FBC711B9B17C}.AppStore|iPhoneSimulator.Deploy.0 = AppStore|iPhoneSimulator
		{150BE917-7C6F-40C7-857C-FBC711B9B17C}.Debug|Any CPU.ActiveCfg = Debug|iPhoneSimulator
		{150BE917-7C6F-40C7-857C-FBC711B9B17C}.Debug|Any CPU.Build.0 = Debug|iPhoneSimulator
		{150BE917-7C6F-40C7-857C-FBC711B9B17C}.Debug|Any CPU.Deploy.0 = Debug|iPhoneSimulator
		{150BE917-7C6F-40C7-857C-FBC711B9B17C}.Debug|iPhone.ActiveCfg = Debug|iPhone
		{150BE917-7C6F-40C7-857C-FBC711B9B17C}.Debug|iPhone.Build.0 = Debug|iPhone
		{150BE917-7C6F-40C7-857C-FBC711B9B17C}.Debug|iPhone.Deploy.0 = Debug|iPhone
		{150BE917-7C6F-40C7-857C-FBC711B9B17C}.Debug|iPhoneSimulator.ActiveCfg = Debug|iPhoneSimulator
		{150BE917-7C6F-40C7-857C-FBC711B9B17C}.Debug|iPhoneSimulator.Build.0 = Debug|iPhoneSimulator
		{150BE917-7C6F-40C7-857C-FBC711B9B17C}.Debug|iPhoneSimulator.Deploy.0 = Debug|iPhoneSimulator
		{150BE917-7C6F-40C7-857C-FBC711B9B17C}.Release|Any CPU.ActiveCfg = Release|iPhone
		{150BE917-7C6F-40C7-857C-FBC711B9B17C}.Release|Any CPU.Build.0 = Release|iPhone
		{150BE917-7C6F-40C7-857C-FBC711B9B17C}.Release|Any CPU.Deploy.0 = Release|iPhone
		{150BE917-7C6F-40C7-857C-FBC711B9B17C}.Release|iPhone.ActiveCfg = Release|iPhone
		{150BE917-7C6F-40C7-857C-FBC711B9B17C}.Release|iPhone.Build.0 = Release|iPhone
		{150BE917-7C6F-40C7-857C-FBC711B9B17C}.Release|iPhone.Deploy.0 = Release|iPhone
		{150BE917-7C6F-40C7-857C-FBC711B9B17C}.Release|iPhoneSimulator.ActiveCfg = Release|iPhoneSimulator
		{150BE917-7C6F-40C7-857C-FBC711B9B17C}.Release|iPhoneSimulator.Build.0 = Release|iPhoneSimulator
		{150BE917-7C6F-40C7-857C-FBC711B9B17C}.Release|iPhoneSimulator.Deploy.0 = Release|iPhoneSimulator
		{677B2BDA-5915-46F3-A6D7-985E2B95404E}.Ad-Hoc|Any CPU.ActiveCfg = Debug|Any CPU
		{677B2BDA-5915-46F3-A6D7-985E2B95404E}.Ad-Hoc|Any CPU.Build.0 = Debug|Any CPU
		{677B2BDA-5915-46F3-A6D7-985E2B95404E}.Ad-Hoc|Any CPU.Deploy.0 = Debug|Any CPU
		{677B2BDA-5915-46F3-A6D7-985E2B95404E}.Ad-Hoc|iPhone.ActiveCfg = Debug|Any CPU
		{677B2BDA-5915-46F3-A6D7-985E2B95404E}.Ad-Hoc|iPhone.Build.0 = Debug|Any CPU
		{677B2BDA-5915-46F3-A6D7-985E2B95404E}.Ad-Hoc|iPhone.Deploy.0 = Debug|Any CPU
		{677B2BDA-5915-46F3-A6D7-985E2B95404E}.Ad-Hoc|iPhoneSimulator.ActiveCfg = Debug|Any CPU
		{677B2BDA-5915-46F3-A6D7-985E2B95404E}.Ad-Hoc|iPhoneSimulator.Build.0 = Debug|Any CPU
		{677B2BDA-5915-46F3-A6D7-985E2B95404E}.Ad-Hoc|iPhoneSimulator.Deploy.0 = Debug|Any CPU
		{677B2BDA-5915-46F3-A6D7-985E2B95404E}.AppStore|Any CPU.ActiveCfg = Debug|Any CPU
		{677B2BDA-5915-46F3-A6D7-985E2B95404E}.AppStore|Any CPU.Build.0 = Debug|Any CPU
		{677B2BDA-5915-46F3-A6D7-985E2B95404E}.AppStore|Any CPU.Deploy.0 = Debug|Any CPU
		{677B2BDA-5915-46F3-A6D7-985E2B95404E}.AppStore|iPhone.ActiveCfg = Debug|Any CPU
		{677B2BDA-5915-46F3-A6D7-985E2B95404E}.AppStore|iPhone.Build.0 = Debug|Any CPU
		{677B2BDA-5915-46F3-A6D7-985E2B95404E}.AppStore|iPhone.Deploy.0 = Debug|Any CPU
		{677B2BDA-5915-46F3-A6D7-985E2B95404E}.AppStore|iPhoneSimulator.ActiveCfg = Debug|Any CPU
		{677B2BDA-5915-46F3-A6D7-985E2B95404E}.AppStore|iPhoneSimulator.Build.0 = Debug|Any CPU
		{677B2BDA-5915-46F3-A6D7-985E2B95404E}.AppStore|iPhoneSimulator.Deploy.0 = Debug|Any CPU
		{677B2BDA-5915-46F3-A6D7-985E2B95404E}.Debug|Any CPU.ActiveCfg = Debug|Any CPU
		{677B2BDA-5915-46F3-A6D7-985E2B95404E}.Debug|Any CPU.Build.0 = Debug|Any CPU
		{677B2BDA-5915-46F3-A6D7-985E2B95404E}.Debug|Any CPU.Deploy.0 = Debug|Any CPU
		{677B2BDA-5915-46F3-A6D7-985E2B95404E}.Debug|iPhone.ActiveCfg = Debug|Any CPU
		{677B2BDA-5915-46F3-A6D7-985E2B95404E}.Debug|iPhone.Build.0 = Debug|Any CPU
		{677B2BDA-5915-46F3-A6D7-985E2B95404E}.Debug|iPhone.Deploy.0 = Debug|Any CPU
		{677B2BDA-5915-46F3-A6D7-985E2B95404E}.Debug|iPhoneSimulator.ActiveCfg = Debug|Any CPU
		{677B2BDA-5915-46F3-A6D7-985E2B95404E}.Debug|iPhoneSimulator.Build.0 = Debug|Any CPU
		{677B2BDA-5915-46F3-A6D7-985E2B95404E}.Debug|iPhoneSimulator.Deploy.0 = Debug|Any CPU
		{677B2BDA-5915-46F3-A6D7-985E2B95404E}.Release|Any CPU.ActiveCfg = Release|Any CPU
		{677B2BDA-5915-46F3-A6D7-985E2B95404E}.Release|Any CPU.Build.0 = Release|Any CPU
		{677B2BDA-5915-46F3-A6D7-985E2B95404E}.Release|Any CPU.Deploy.0 = Release|Any CPU
		{677B2BDA-5915-46F3-A6D7-985E2B95404E}.Release|iPhone.ActiveCfg = Release|Any CPU
		{677B2BDA-5915-46F3-A6D7-985E2B95404E}.Release|iPhone.Build.0 = Release|Any CPU
		{677B2BDA-5915-46F3-A6D7-985E2B95404E}.Release|iPhone.Deploy.0 = Release|Any CPU
		{677B2BDA-5915-46F3-A6D7-985E2B95404E}.Release|iPhoneSimulator.ActiveCfg = Release|Any CPU
		{677B2BDA-5915-46F3-A6D7-985E2B95404E}.Release|iPhoneSimulator.Build.0 = Release|Any CPU
		{677B2BDA-5915-46F3-A6D7-985E2B95404E}.Release|iPhoneSimulator.Deploy.0 = Release|Any CPU
	EndGlobalSection
	GlobalSection(SolutionProperties) = preSolution
		HideSolutionNode = FALSE
	EndGlobalSection
	GlobalSection(ExtensibilityGlobals) = postSolution
		SolutionGuid = {2755F979-4CD7-4F27-9AAE-602281A7087B}
	EndGlobalSection
EndGlobal
